{
  "name": "ai-personal-mail",
  "lockfileVersion": 3,
  "requires": true,
  "packages": {
    "": {
      "dependencies": {
        "pgvector": "^0.2.1"
      }
    },
    "node_modules/pgvector": {
      "version": "0.2.1",
      "resolved": "https://registry.npmjs.org/pgvector/-/pgvector-0.2.1.tgz",
      "integrity": "sha512-nKaQY9wtuiidwLMdVIce1O3kL0d+FxrigCVzsShnoqzOSaWWWOvuctb/sYwlai5cTwwzRSNa+a/NtN2kVZGNJw==",
      "license": "MIT",
      "engines": {
        "node": ">= 18"
      }
    }
  }
}
